# THIS IS AN AUTOGENERATED FILE. DO NOT EDIT THIS FILE DIRECTLY.
# yarn lockfile v1


react-hook-form@^7.11.1:
  version "7.11.1"
  resolved "https://registry.yarnpkg.com/react-hook-form/-/react-hook-form-7.11.1.tgz#936f8a14bdf02b0791c2130d7c78c49c10e6de09"
  integrity sha512-lBt428oU03dNUF5qZy5xqEdANaH3L/ilKWQS2t8wD6zF7FypOv46kEkZmg+oHf3n2xgeGYJgbMIGtYExsfKJ8A==
